
Microsoft Visual Studio Solution File, Format Version 12.00
# Visual Studio Version 16
VisualStudioVersion = 16.0.30907.101
MinimumVisualStudioVersion = 10.0.40219.1
Project("{9A19103F-16F7-4668-BE54-9A1E7A4F7556}") = "Web_Portal", "Web_Portal.csproj", "{C60408F6-775A-4615-9642-EE7EB9F621A0}"
EndProject
Project("{FAE04EC0-301F-11D3-BF4B-00C04F79EFBC}") = "DAL", "..\DAL\DAL.csproj", "{1801ED28-E87F-4483-AFA0-21EEB8ACB40C}"
EndProject
Project("{FAE04EC0-301F-11D3-BF4B-00C04F79EFBC}") = "BLL", "..\BLL\BLL.csproj", "{0E652A93-FFDA-4FAF-BE10-491FC26BA340}"
EndProject
Global
	GlobalSection(SolutionConfigurationPlatforms) = preSolution
		Debug|Any CPU = Debug|Any CPU
		Release|Any CPU = Release|Any CPU
	EndGlobalSection
	GlobalSection(ProjectConfigurationPlatforms) = postSolution
		{C60408F6-775A-4615-9642-EE7EB9F621A0}.Debug|Any CPU.ActiveCfg = Debug|Any CPU
		{C60408F6-775A-4615-9642-EE7EB9F621A0}.Debug|Any CPU.Build.0 = Debug|Any CPU
		{C60408F6-775A-4615-9642-EE7EB9F621A0}.Release|Any CPU.ActiveCfg = Release|Any CPU
		{C60408F6-775A-4615-9642-EE7EB9F621A0}.Release|Any CPU.Build.0 = Release|Any CPU
		{1801ED28-E87F-4483-AFA0-21EEB8ACB40C}.Debug|Any CPU.ActiveCfg = Debug|Any CPU
		{1801ED28-E87F-4483-AFA0-21EEB8ACB40C}.Debug|Any CPU.Build.0 = Debug|Any CPU
		{1801ED28-E87F-4483-AFA0-21EEB8ACB40C}.Release|Any CPU.ActiveCfg = Release|Any CPU
		{1801ED28-E87F-4483-AFA0-21EEB8ACB40C}.Release|Any CPU.Build.0 = Release|Any CPU
		{0E652A93-FFDA-4FAF-BE10-491FC26BA340}.Debug|Any CPU.ActiveCfg = Debug|Any CPU
		{0E652A93-FFDA-4FAF-BE10-491FC26BA340}.Debug|Any CPU.Build.0 = Debug|Any CPU
		{0E652A93-FFDA-4FAF-BE10-491FC26BA340}.Release|Any CPU.ActiveCfg = Release|Any CPU
		{0E652A93-FFDA-4FAF-BE10-491FC26BA340}.Release|Any CPU.Build.0 = Release|Any CPU
	EndGlobalSection
	GlobalSection(SolutionProperties) = preSolution
		HideSolutionNode = FALSE
	EndGlobalSection
	GlobalSection(ExtensibilityGlobals) = postSolution
		SolutionGuid = {B50D057D-3CCE-4C97-8724-F4CDDDD54178}
	EndGlobalSection
EndGlobal
